GITHUBTARBALL
  remote: boxen/puppet-boxen
  specs:
    boxen (2.1.0)

GITHUBTARBALL
  remote: boxen/puppet-dropbox
  specs:
    dropbox (1.1.0)

GITHUBTARBALL
  remote: boxen/puppet-firefox
  specs:
    firefox (1.0.6)

GITHUBTARBALL
  remote: boxen/puppet-minecraft
  specs:
    minecraft (1.0.1)

DEPENDENCIES
  boxen (= 2.1.0)
  dropbox (= 1.1.0)
  firefox (= 1.0.6)
  minecraft (= 1.0.1)

